{
    "_readme": [
        "This file locks the dependencies of your project to a known state",
        "Read more about it at https://getcomposer.org/doc/01-basic-usage.md#installing-dependencies",
        "This file is @generated automatically"
    ],
    "content-hash": "8c66feb90f7a11eec5a76e8c1b4dcd41",
    "packages": [],
    "packages-dev": [
        {
            "name": "psalm/phar",
            "version": "6.10.0",
            "source": {
                "type": "git",
                "url": "https://github.com/psalm/phar.git",
                "reference": "17ae70dd523f392966b60210e67708a3a5df129b"
            },
            "dist": {
                "type": "zip",
                "url": "https://api.github.com/repos/psalm/phar/zipball/17ae70dd523f392966b60210e67708a3a5df129b",
                "reference": "17ae70dd523f392966b60210e67708a3a5df129b",
                "shasum": ""
            },
            "require": {
                "php": "^8.2"
            },
            "conflict": {
                "vimeo/psalm": "*"
            },
            "bin": [
                "psalm.phar"
            ],
            "type": "library",
            "notification-url": "https://packagist.org/downloads/",
            "license": [
                "MIT"
            ],
            "description": "Composer-based Psalm Phar",
            "support": {
                "issues": "https://github.com/psalm/phar/issues",
                "source": "https://github.com/psalm/phar/tree/6.10.0"
            },
            "time": "2025-03-31T10:19:54+00:00"
        }
    ],
    "aliases": [],
    "minimum-stability": "stable",
    "stability-flags": [],
    "prefer-stable": false,
    "prefer-lowest": false,
    "platform": {
        "php": "~8.4"
    },
    "platform-dev": [],
    "plugin-api-version": "2.3.0"
}
