{
    "_readme": [
        "This file locks the dependencies of your project to a known state",
        "Read more about it at https://getcomposer.org/doc/01-basic-usage.md#installing-dependencies",
        "This file is @generated automatically"
    ],
    "content-hash": "9e850f172f1b7d4c0f1112578b16561f",
    "packages": [],
    "packages-dev": [
        {
            "name": "psalm/phar",
            "version": "6.3.0",
            "source": {
                "type": "git",
                "url": "https://github.com/psalm/phar.git",
                "reference": "5a7c1fb6660ee1313a109f6564df6e9223e3643a"
            },
            "dist": {
                "type": "zip",
                "url": "https://api.github.com/repos/psalm/phar/zipball/5a7c1fb6660ee1313a109f6564df6e9223e3643a",
                "reference": "5a7c1fb6660ee1313a109f6564df6e9223e3643a",
                "shasum": ""
            },
            "require": {
                "php": "^7.1 || ^8.0"
            },
            "conflict": {
                "vimeo/psalm": "*"
            },
            "bin": [
                "psalm.phar"
            ],
            "type": "library",
            "notification-url": "https://packagist.org/downloads/",
            "license": [
                "MIT"
            ],
            "description": "Composer-based Psalm Phar",
            "support": {
                "issues": "https://github.com/psalm/phar/issues",
                "source": "https://github.com/psalm/phar/tree/6.3.0"
            },
            "time": "2025-02-04T21:08:50+00:00"
        }
    ],
    "aliases": [],
    "minimum-stability": "stable",
    "stability-flags": {},
    "prefer-stable": false,
    "prefer-lowest": false,
    "platform": {
        "php": "8.*"
    },
    "platform-dev": {},
    "plugin-api-version": "2.6.0"
}
